
Microsoft Visual Studio Solution File, Format Version 12.00
# Visual Studio 14
VisualStudioVersion = 14.0.25420.1
MinimumVisualStudioVersion = 10.0.40219.1
Project("{FAE04EC0-301F-11D3-BF4B-00C04F79EFBC}") = "calulatorApp", "calulatorApp\calulatorApp.csproj", "{1FF7C698-243B-4547-B3F2-24F3ED2D61FB}"
EndProject
Project("{2150E333-8FDC-42A3-9474-1A3956D46DE8}") = "Tests", "Tests", "{7E948278-C97F-4131-A21E-C623ED070C8B}"
EndProject
Project("{FAE04EC0-301F-11D3-BF4B-00C04F79EFBC}") = "UnitTestCalculatorApp", "UnitTestCalculatorApp\UnitTestCalculatorApp.csproj", "{E6197F5F-CB2F-45B8-83D9-78CA673D223E}"
EndProject
Global
	GlobalSection(SolutionConfigurationPlatforms) = preSolution
		Debug|Any CPU = Debug|Any CPU
		Release|Any CPU = Release|Any CPU
	EndGlobalSection
	GlobalSection(ProjectConfigurationPlatforms) = postSolution
		{1FF7C698-243B-4547-B3F2-24F3ED2D61FB}.Debug|Any CPU.ActiveCfg = Debug|Any CPU
		{1FF7C698-243B-4547-B3F2-24F3ED2D61FB}.Debug|Any CPU.Build.0 = Debug|Any CPU
		{1FF7C698-243B-4547-B3F2-24F3ED2D61FB}.Release|Any CPU.ActiveCfg = Release|Any CPU
		{1FF7C698-243B-4547-B3F2-24F3ED2D61FB}.Release|Any CPU.Build.0 = Release|Any CPU
		{E6197F5F-CB2F-45B8-83D9-78CA673D223E}.Debug|Any CPU.ActiveCfg = Debug|Any CPU
		{E6197F5F-CB2F-45B8-83D9-78CA673D223E}.Debug|Any CPU.Build.0 = Debug|Any CPU
		{E6197F5F-CB2F-45B8-83D9-78CA673D223E}.Release|Any CPU.ActiveCfg = Release|Any CPU
		{E6197F5F-CB2F-45B8-83D9-78CA673D223E}.Release|Any CPU.Build.0 = Release|Any CPU
	EndGlobalSection
	GlobalSection(SolutionProperties) = preSolution
		HideSolutionNode = FALSE
	EndGlobalSection
	GlobalSection(NestedProjects) = preSolution
		{E6197F5F-CB2F-45B8-83D9-78CA673D223E} = {7E948278-C97F-4131-A21E-C623ED070C8B}
	EndGlobalSection
EndGlobal
